
Microsoft Visual Studio Solution File, Format Version 12.00
# Visual Studio Version 17
VisualStudioVersion = 17.5.2.0
MinimumVisualStudioVersion = 10.0.40219.1
Project("{FAE04EC0-301F-11D3-BF4B-00C04F79EFBC}") = "CSharp_FirstProject", "CSharp_FirstProject\CSharp_FirstProject.csproj", "{517A3D61-CD01-1E99-F42B-271899344D9F}"
EndProject
Project("{FAE04EC0-301F-11D3-BF4B-00C04F79EFBC}") = "SecondHomework", "SecondHomework\SecondHomework.csproj", "{D03C05CF-BE6F-4AE3-849F-B2D01A43EC74}"
EndProject
Project("{FAE04EC0-301F-11D3-BF4B-00C04F79EFBC}") = "ThirdHomework", "ThirdHomework\ThirdHomework.csproj", "{3AC17FAC-FDBB-43A0-94D9-9C34AF1246C0}"
EndProject
Project("{FAE04EC0-301F-11D3-BF4B-00C04F79EFBC}") = "FourthHomework", "FourthHomework\FourthHomework.csproj", "{DBA32689-41F6-4AF0-9D4A-AEB018D13EF8}"
EndProject
Project("{FAE04EC0-301F-11D3-BF4B-00C04F79EFBC}") = "SixthHomework", "SixthHomework\SixthHomework.csproj", "{5EC46183-450A-4180-816E-E3851E699D26}"
EndProject
Project("{FAE04EC0-301F-11D3-BF4B-00C04F79EFBC}") = "SeventhHomework", "SeventhHomework\SeventhHomework.csproj", "{DA42C92D-3E01-40D6-9CD9-EB33BB618D01}"
EndProject
Global
	GlobalSection(SolutionConfigurationPlatforms) = preSolution
		Debug|Any CPU = Debug|Any CPU
		Debug|x64 = Debug|x64
		Debug|x86 = Debug|x86
		Release|Any CPU = Release|Any CPU
		Release|x64 = Release|x64
		Release|x86 = Release|x86
	EndGlobalSection
	GlobalSection(ProjectConfigurationPlatforms) = postSolution
		{517A3D61-CD01-1E99-F42B-271899344D9F}.Debug|Any CPU.ActiveCfg = Debug|Any CPU
		{517A3D61-CD01-1E99-F42B-271899344D9F}.Debug|Any CPU.Build.0 = Debug|Any CPU
		{517A3D61-CD01-1E99-F42B-271899344D9F}.Debug|x64.ActiveCfg = Debug|Any CPU
		{517A3D61-CD01-1E99-F42B-271899344D9F}.Debug|x64.Build.0 = Debug|Any CPU
		{517A3D61-CD01-1E99-F42B-271899344D9F}.Debug|x86.ActiveCfg = Debug|Any CPU
		{517A3D61-CD01-1E99-F42B-271899344D9F}.Debug|x86.Build.0 = Debug|Any CPU
		{517A3D61-CD01-1E99-F42B-271899344D9F}.Release|Any CPU.ActiveCfg = Release|Any CPU
		{517A3D61-CD01-1E99-F42B-271899344D9F}.Release|Any CPU.Build.0 = Release|Any CPU
		{517A3D61-CD01-1E99-F42B-271899344D9F}.Release|x64.ActiveCfg = Release|Any CPU
		{517A3D61-CD01-1E99-F42B-271899344D9F}.Release|x64.Build.0 = Release|Any CPU
		{517A3D61-CD01-1E99-F42B-271899344D9F}.Release|x86.ActiveCfg = Release|Any CPU
		{517A3D61-CD01-1E99-F42B-271899344D9F}.Release|x86.Build.0 = Release|Any CPU
		{D03C05CF-BE6F-4AE3-849F-B2D01A43EC74}.Debug|Any CPU.ActiveCfg = Debug|Any CPU
		{D03C05CF-BE6F-4AE3-849F-B2D01A43EC74}.Debug|Any CPU.Build.0 = Debug|Any CPU
		{D03C05CF-BE6F-4AE3-849F-B2D01A43EC74}.Debug|x64.ActiveCfg = Debug|Any CPU
		{D03C05CF-BE6F-4AE3-849F-B2D01A43EC74}.Debug|x64.Build.0 = Debug|Any CPU
		{D03C05CF-BE6F-4AE3-849F-B2D01A43EC74}.Debug|x86.ActiveCfg = Debug|Any CPU
		{D03C05CF-BE6F-4AE3-849F-B2D01A43EC74}.Debug|x86.Build.0 = Debug|Any CPU
		{D03C05CF-BE6F-4AE3-849F-B2D01A43EC74}.Release|Any CPU.ActiveCfg = Release|Any CPU
		{D03C05CF-BE6F-4AE3-849F-B2D01A43EC74}.Release|Any CPU.Build.0 = Release|Any CPU
		{D03C05CF-BE6F-4AE3-849F-B2D01A43EC74}.Release|x64.ActiveCfg = Release|Any CPU
		{D03C05CF-BE6F-4AE3-849F-B2D01A43EC74}.Release|x64.Build.0 = Release|Any CPU
		{D03C05CF-BE6F-4AE3-849F-B2D01A43EC74}.Release|x86.ActiveCfg = Release|Any CPU
		{D03C05CF-BE6F-4AE3-849F-B2D01A43EC74}.Release|x86.Build.0 = Release|Any CPU
		{3AC17FAC-FDBB-43A0-94D9-9C34AF1246C0}.Debug|Any CPU.ActiveCfg = Debug|Any CPU
		{3AC17FAC-FDBB-43A0-94D9-9C34AF1246C0}.Debug|Any CPU.Build.0 = Debug|Any CPU
		{3AC17FAC-FDBB-43A0-94D9-9C34AF1246C0}.Debug|x64.ActiveCfg = Debug|Any CPU
		{3AC17FAC-FDBB-43A0-94D9-9C34AF1246C0}.Debug|x64.Build.0 = Debug|Any CPU
		{3AC17FAC-FDBB-43A0-94D9-9C34AF1246C0}.Debug|x86.ActiveCfg = Debug|Any CPU
		{3AC17FAC-FDBB-43A0-94D9-9C34AF1246C0}.Debug|x86.Build.0 = Debug|Any CPU
		{3AC17FAC-FDBB-43A0-94D9-9C34AF1246C0}.Release|Any CPU.ActiveCfg = Release|Any CPU
		{3AC17FAC-FDBB-43A0-94D9-9C34AF1246C0}.Release|Any CPU.Build.0 = Release|Any CPU
		{3AC17FAC-FDBB-43A0-94D9-9C34AF1246C0}.Release|x64.ActiveCfg = Release|Any CPU
		{3AC17FAC-FDBB-43A0-94D9-9C34AF1246C0}.Release|x64.Build.0 = Release|Any CPU
		{3AC17FAC-FDBB-43A0-94D9-9C34AF1246C0}.Release|x86.ActiveCfg = Release|Any CPU
		{3AC17FAC-FDBB-43A0-94D9-9C34AF1246C0}.Release|x86.Build.0 = Release|Any CPU
		{DBA32689-41F6-4AF0-9D4A-AEB018D13EF8}.Debug|Any CPU.ActiveCfg = Debug|Any CPU
		{DBA32689-41F6-4AF0-9D4A-AEB018D13EF8}.Debug|Any CPU.Build.0 = Debug|Any CPU
		{DBA32689-41F6-4AF0-9D4A-AEB018D13EF8}.Debug|x64.ActiveCfg = Debug|Any CPU
		{DBA32689-41F6-4AF0-9D4A-AEB018D13EF8}.Debug|x64.Build.0 = Debug|Any CPU
		{DBA32689-41F6-4AF0-9D4A-AEB018D13EF8}.Debug|x86.ActiveCfg = Debug|Any CPU
		{DBA32689-41F6-4AF0-9D4A-AEB018D13EF8}.Debug|x86.Build.0 = Debug|Any CPU
		{DBA32689-41F6-4AF0-9D4A-AEB018D13EF8}.Release|Any CPU.ActiveCfg = Release|Any CPU
		{DBA32689-41F6-4AF0-9D4A-AEB018D13EF8}.Release|Any CPU.Build.0 = Release|Any CPU
		{DBA32689-41F6-4AF0-9D4A-AEB018D13EF8}.Release|x64.ActiveCfg = Release|Any CPU
		{DBA32689-41F6-4AF0-9D4A-AEB018D13EF8}.Release|x64.Build.0 = Release|Any CPU
		{DBA32689-41F6-4AF0-9D4A-AEB018D13EF8}.Release|x86.ActiveCfg = Release|Any CPU
		{DBA32689-41F6-4AF0-9D4A-AEB018D13EF8}.Release|x86.Build.0 = Release|Any CPU
		{5EC46183-450A-4180-816E-E3851E699D26}.Debug|Any CPU.ActiveCfg = Debug|Any CPU
		{5EC46183-450A-4180-816E-E3851E699D26}.Debug|Any CPU.Build.0 = Debug|Any CPU
		{5EC46183-450A-4180-816E-E3851E699D26}.Debug|x64.ActiveCfg = Debug|Any CPU
		{5EC46183-450A-4180-816E-E3851E699D26}.Debug|x64.Build.0 = Debug|Any CPU
		{5EC46183-450A-4180-816E-E3851E699D26}.Debug|x86.ActiveCfg = Debug|Any CPU
		{5EC46183-450A-4180-816E-E3851E699D26}.Debug|x86.Build.0 = Debug|Any CPU
		{5EC46183-450A-4180-816E-E3851E699D26}.Release|Any CPU.ActiveCfg = Release|Any CPU
		{5EC46183-450A-4180-816E-E3851E699D26}.Release|Any CPU.Build.0 = Release|Any CPU
		{5EC46183-450A-4180-816E-E3851E699D26}.Release|x64.ActiveCfg = Release|Any CPU
		{5EC46183-450A-4180-816E-E3851E699D26}.Release|x64.Build.0 = Release|Any CPU
		{5EC46183-450A-4180-816E-E3851E699D26}.Release|x86.ActiveCfg = Release|Any CPU
		{5EC46183-450A-4180-816E-E3851E699D26}.Release|x86.Build.0 = Release|Any CPU
		{DA42C92D-3E01-40D6-9CD9-EB33BB618D01}.Debug|Any CPU.ActiveCfg = Debug|Any CPU
		{DA42C92D-3E01-40D6-9CD9-EB33BB618D01}.Debug|Any CPU.Build.0 = Debug|Any CPU
		{DA42C92D-3E01-40D6-9CD9-EB33BB618D01}.Debug|x64.ActiveCfg = Debug|Any CPU
		{DA42C92D-3E01-40D6-9CD9-EB33BB618D01}.Debug|x64.Build.0 = Debug|Any CPU
		{DA42C92D-3E01-40D6-9CD9-EB33BB618D01}.Debug|x86.ActiveCfg = Debug|Any CPU
		{DA42C92D-3E01-40D6-9CD9-EB33BB618D01}.Debug|x86.Build.0 = Debug|Any CPU
		{DA42C92D-3E01-40D6-9CD9-EB33BB618D01}.Release|Any CPU.ActiveCfg = Release|Any CPU
		{DA42C92D-3E01-40D6-9CD9-EB33BB618D01}.Release|Any CPU.Build.0 = Release|Any CPU
		{DA42C92D-3E01-40D6-9CD9-EB33BB618D01}.Release|x64.ActiveCfg = Release|Any CPU
		{DA42C92D-3E01-40D6-9CD9-EB33BB618D01}.Release|x64.Build.0 = Release|Any CPU
		{DA42C92D-3E01-40D6-9CD9-EB33BB618D01}.Release|x86.ActiveCfg = Release|Any CPU
		{DA42C92D-3E01-40D6-9CD9-EB33BB618D01}.Release|x86.Build.0 = Release|Any CPU
	EndGlobalSection
	GlobalSection(SolutionProperties) = preSolution
		HideSolutionNode = FALSE
	EndGlobalSection
	GlobalSection(ExtensibilityGlobals) = postSolution
		SolutionGuid = {DB8CA417-C55C-4430-BDDE-1596117DD41B}
	EndGlobalSection
EndGlobal
